{
    "version": 3,
    "terraform_version": "0.11.10",
    "serial": 14,
    "lineage": "18329e44-8030-72f5-0059-0054c9ca2879",
    "modules": [
        {
            "path": [
                "root"
            ],
            "outputs": {
                "elb_endpoint": {
                    "sensitive": false,
                    "type": "string",
                    "value": "flask-app-728296431.us-west-2.elb.amazonaws.com"
                },
                "instance_private_ip": {
                    "sensitive": false,
                    "type": "list",
                    "value": [
                        "172.31.30.34"
                    ]
                }
            },
            "resources": {
                "aws_elb.elb": {
                    "type": "aws_elb",
                    "depends_on": [
                        "aws_instance.PyApp"
                    ],
                    "primary": {
                        "id": "flask-app",
                        "attributes": {
                            "access_logs.#": "0",
                            "arn": "arn:aws:elasticloadbalancing:us-west-2:836350166584:loadbalancer/flask-app",
                            "availability_zones.#": "1",
                            "availability_zones.2487133097": "us-west-2a",
                            "connection_draining": "true",
                            "connection_draining_timeout": "300",
                            "cross_zone_load_balancing": "true",
                            "dns_name": "flask-app-728296431.us-west-2.elb.amazonaws.com",
                            "health_check.#": "1",
                            "health_check.0.healthy_threshold": "2",
                            "health_check.0.interval": "10",
                            "health_check.0.target": "HTTP:5000/search",
                            "health_check.0.timeout": "5",
                            "health_check.0.unhealthy_threshold": "3",
                            "id": "flask-app",
                            "idle_timeout": "300",
                            "instances.#": "1",
                            "instances.2486790551": "i-0d499576d38ab5908",
                            "internal": "false",
                            "listener.#": "1",
                            "listener.996561874.instance_port": "5000",
                            "listener.996561874.instance_protocol": "http",
                            "listener.996561874.lb_port": "80",
                            "listener.996561874.lb_protocol": "http",
                            "listener.996561874.ssl_certificate_id": "",
                            "name": "flask-app",
                            "security_groups.#": "1",
                            "security_groups.2774943615": "sg-0e719bae090a7ca06",
                            "source_security_group": "836350166584/default_elb_86cd30db-dad0-3dd0-a0e3-a246a4614a75",
                            "source_security_group_id": "sg-0e719bae090a7ca06",
                            "subnets.#": "1",
                            "subnets.1310853451": "subnet-e1ce5c98",
                            "tags.%": "1",
                            "tags.Name": "flask-elb",
                            "zone_id": "Z1H1FL5HABSF5"
                        },
                        "meta": {},
                        "tainted": false
                    },
                    "deposed": [],
                    "provider": "provider.aws"
                },
                "aws_instance.PyApp": {
                    "type": "aws_instance",
                    "depends_on": [
                        "aws_security_group.my_sg"
                    ],
                    "primary": {
                        "id": "i-0d499576d38ab5908",
                        "attributes": {
                            "ami": "ami-0e32ec5bc225539f5",
                            "arn": "arn:aws:ec2:us-west-2:836350166584:instance/i-0d499576d38ab5908",
                            "associate_public_ip_address": "true",
                            "availability_zone": "us-west-2a",
                            "cpu_core_count": "1",
                            "cpu_threads_per_core": "1",
                            "credit_specification.#": "1",
                            "credit_specification.0.cpu_credits": "standard",
                            "disable_api_termination": "false",
                            "ebs_block_device.#": "0",
                            "ebs_optimized": "false",
                            "ephemeral_block_device.#": "0",
                            "get_password_data": "false",
                            "iam_instance_profile": "",
                            "id": "i-0d499576d38ab5908",
                            "instance_state": "running",
                            "instance_type": "t2.micro",
                            "ipv6_addresses.#": "0",
                            "key_name": "devops",
                            "monitoring": "false",
                            "network_interface.#": "0",
                            "network_interface_id": "eni-0fa47f66a36c2861c",
                            "password_data": "",
                            "placement_group": "",
                            "primary_network_interface_id": "eni-0fa47f66a36c2861c",
                            "private_dns": "ip-172-31-30-34.us-west-2.compute.internal",
                            "private_ip": "172.31.30.34",
                            "public_dns": "ec2-54-202-50-234.us-west-2.compute.amazonaws.com",
                            "public_ip": "54.202.50.234",
                            "root_block_device.#": "1",
                            "root_block_device.0.delete_on_termination": "true",
                            "root_block_device.0.iops": "0",
                            "root_block_device.0.volume_id": "vol-02eefdd1ee0f0ee87",
                            "root_block_device.0.volume_size": "8",
                            "root_block_device.0.volume_type": "standard",
                            "security_groups.#": "1",
                            "security_groups.510251365": "flask_sg",
                            "source_dest_check": "true",
                            "subnet_id": "subnet-e1ce5c98",
                            "tags.%": "1",
                            "tags.Name": "Flask",
                            "tenancy": "default",
                            "volume_tags.%": "0",
                            "vpc_security_group_ids.#": "1",
                            "vpc_security_group_ids.2306352325": "sg-025eea0341b8b9fad"
                        },
                        "meta": {
                            "e2bfb730-ecaa-11e6-8f88-34363bc7c4c0": {
                                "create": 600000000000,
                                "delete": 1200000000000,
                                "update": 600000000000
                            },
                            "schema_version": "1"
                        },
                        "tainted": false
                    },
                    "deposed": [],
                    "provider": "provider.aws"
                },
                "aws_security_group.my_sg": {
                    "type": "aws_security_group",
                    "depends_on": [],
                    "primary": {
                        "id": "sg-025eea0341b8b9fad",
                        "attributes": {
                            "arn": "arn:aws:ec2:us-west-2:836350166584:security-group/sg-025eea0341b8b9fad",
                            "description": "Managed by Terraform",
                            "egress.#": "1",
                            "egress.482069346.cidr_blocks.#": "1",
                            "egress.482069346.cidr_blocks.0": "0.0.0.0/0",
                            "egress.482069346.description": "",
                            "egress.482069346.from_port": "0",
                            "egress.482069346.ipv6_cidr_blocks.#": "0",
                            "egress.482069346.prefix_list_ids.#": "0",
                            "egress.482069346.protocol": "-1",
                            "egress.482069346.security_groups.#": "0",
                            "egress.482069346.self": "false",
                            "egress.482069346.to_port": "0",
                            "id": "sg-025eea0341b8b9fad",
                            "ingress.#": "3",
                            "ingress.1163740523.cidr_blocks.#": "1",
                            "ingress.1163740523.cidr_blocks.0": "0.0.0.0/0",
                            "ingress.1163740523.description": "",
                            "ingress.1163740523.from_port": "3306",
                            "ingress.1163740523.ipv6_cidr_blocks.#": "0",
                            "ingress.1163740523.prefix_list_ids.#": "0",
                            "ingress.1163740523.protocol": "tcp",
                            "ingress.1163740523.security_groups.#": "0",
                            "ingress.1163740523.self": "false",
                            "ingress.1163740523.to_port": "3306",
                            "ingress.2491066110.cidr_blocks.#": "1",
                            "ingress.2491066110.cidr_blocks.0": "0.0.0.0/0",
                            "ingress.2491066110.description": "",
                            "ingress.2491066110.from_port": "5000",
                            "ingress.2491066110.ipv6_cidr_blocks.#": "0",
                            "ingress.2491066110.prefix_list_ids.#": "0",
                            "ingress.2491066110.protocol": "tcp",
                            "ingress.2491066110.security_groups.#": "0",
                            "ingress.2491066110.self": "false",
                            "ingress.2491066110.to_port": "5000",
                            "ingress.2541437006.cidr_blocks.#": "1",
                            "ingress.2541437006.cidr_blocks.0": "0.0.0.0/0",
                            "ingress.2541437006.description": "",
                            "ingress.2541437006.from_port": "22",
                            "ingress.2541437006.ipv6_cidr_blocks.#": "0",
                            "ingress.2541437006.prefix_list_ids.#": "0",
                            "ingress.2541437006.protocol": "tcp",
                            "ingress.2541437006.security_groups.#": "0",
                            "ingress.2541437006.self": "false",
                            "ingress.2541437006.to_port": "22",
                            "name": "flask_sg",
                            "owner_id": "836350166584",
                            "revoke_rules_on_delete": "false",
                            "tags.%": "0",
                            "vpc_id": "vpc-9bfac7e2"
                        },
                        "meta": {
                            "e2bfb730-ecaa-11e6-8f88-34363bc7c4c0": {
                                "create": 600000000000,
                                "delete": 600000000000
                            },
                            "schema_version": "1"
                        },
                        "tainted": false
                    },
                    "deposed": [],
                    "provider": "provider.aws"
                }
            },
            "depends_on": []
        }
    ]
}
